
Microsoft Visual Studio Solution File, Format Version 12.00
# Visual Studio Version 17
VisualStudioVersion = 17.0.31903.59
MinimumVisualStudioVersion = 10.0.40219.1
Project("{2150E333-8FDC-42A3-9474-1A3956D46DE8}") = "src", "src", "{827E0CD3-B72D-47B6-A68D-7590B98EB39B}"
EndProject
Project("{FAE04EC0-301F-11D3-BF4B-00C04F79EFBC}") = "ELearning.Api", "src\ELearning.Api\ELearning.Api.csproj", "{44A952CD-FDB1-41E4-937D-4390C164E034}"
EndProject
Project("{FAE04EC0-301F-11D3-BF4B-00C04F79EFBC}") = "ELearning.Application", "src\ELearning.Application\ELearning.Application.csproj", "{DA97D173-5305-41B0-AAD3-32DAAE537E0D}"
EndProject
Project("{FAE04EC0-301F-11D3-BF4B-00C04F79EFBC}") = "ELearning.Domain", "src\ELearning.Domain\ELearning.Domain.csproj", "{11EFD745-66A4-46FA-8CFE-B34C08283AF0}"
EndProject
Project("{FAE04EC0-301F-11D3-BF4B-00C04F79EFBC}") = "ELearning.Shared", "src\ELearning.Shared\ELearning.Shared.csproj", "{F295DABD-0A20-49AD-A07B-2B9C9B857F47}"
EndProject
Project("{FAE04EC0-301F-11D3-BF4B-00C04F79EFBC}") = "ELearning.Infrastructure", "src\ELearning.Infrastructure\ELearning.Infrastructure.csproj", "{CC6785C8-8365-4BE0-8E78-A195F935B781}"
EndProject
Project("{2150E333-8FDC-42A3-9474-1A3956D46DE8}") = "tests", "tests", "{0AB3BF05-4346-4AA6-1389-037BE0695223}"
EndProject
Project("{FAE04EC0-301F-11D3-BF4B-00C04F79EFBC}") = "ELearning.ApiTests", "tests\ELearning.ApiTests\ELearning.ApiTests.csproj", "{63E12D51-7C02-49C9-971D-12ACA4E6689C}"
EndProject
Project("{FAE04EC0-301F-11D3-BF4B-00C04F79EFBC}") = "ELearning.IntegrationTests", "tests\ELearning.IntegrationTests\ELearning.IntegrationTests.csproj", "{D7D78CE4-2A0B-494A-A578-E647B47C94D4}"
EndProject
Project("{FAE04EC0-301F-11D3-BF4B-00C04F79EFBC}") = "ELearning.UnitTests", "tests\ELearning.UnitTests\ELearning.UnitTests.csproj", "{3DF09FE0-1EFE-4E10-8E67-DEB6AC7F1C85}"
EndProject
Project("{FAE04EC0-301F-11D3-BF4B-00C04F79EFBC}") = "ELearning.TestSupport", "tests\ELearning.TestSupport\ELearning.TestSupport.csproj", "{53B0938A-6370-46FE-862B-44B5DEBBEA1F}"
EndProject
Global
	GlobalSection(SolutionConfigurationPlatforms) = preSolution
		Debug|Any CPU = Debug|Any CPU
		Debug|x64 = Debug|x64
		Debug|x86 = Debug|x86
		Release|Any CPU = Release|Any CPU
		Release|x64 = Release|x64
		Release|x86 = Release|x86
	EndGlobalSection
	GlobalSection(ProjectConfigurationPlatforms) = postSolution
		{44A952CD-FDB1-41E4-937D-4390C164E034}.Debug|Any CPU.ActiveCfg = Debug|Any CPU
		{44A952CD-FDB1-41E4-937D-4390C164E034}.Debug|Any CPU.Build.0 = Debug|Any CPU
		{44A952CD-FDB1-41E4-937D-4390C164E034}.Debug|x64.ActiveCfg = Debug|Any CPU
		{44A952CD-FDB1-41E4-937D-4390C164E034}.Debug|x64.Build.0 = Debug|Any CPU
		{44A952CD-FDB1-41E4-937D-4390C164E034}.Debug|x86.ActiveCfg = Debug|Any CPU
		{44A952CD-FDB1-41E4-937D-4390C164E034}.Debug|x86.Build.0 = Debug|Any CPU
		{44A952CD-FDB1-41E4-937D-4390C164E034}.Release|Any CPU.ActiveCfg = Release|Any CPU
		{44A952CD-FDB1-41E4-937D-4390C164E034}.Release|Any CPU.Build.0 = Release|Any CPU
		{44A952CD-FDB1-41E4-937D-4390C164E034}.Release|x64.ActiveCfg = Release|Any CPU
		{44A952CD-FDB1-41E4-937D-4390C164E034}.Release|x64.Build.0 = Release|Any CPU
		{44A952CD-FDB1-41E4-937D-4390C164E034}.Release|x86.ActiveCfg = Release|Any CPU
		{44A952CD-FDB1-41E4-937D-4390C164E034}.Release|x86.Build.0 = Release|Any CPU
		{DA97D173-5305-41B0-AAD3-32DAAE537E0D}.Debug|Any CPU.ActiveCfg = Debug|Any CPU
		{DA97D173-5305-41B0-AAD3-32DAAE537E0D}.Debug|Any CPU.Build.0 = Debug|Any CPU
		{DA97D173-5305-41B0-AAD3-32DAAE537E0D}.Debug|x64.ActiveCfg = Debug|Any CPU
		{DA97D173-5305-41B0-AAD3-32DAAE537E0D}.Debug|x64.Build.0 = Debug|Any CPU
		{DA97D173-5305-41B0-AAD3-32DAAE537E0D}.Debug|x86.ActiveCfg = Debug|Any CPU
		{DA97D173-5305-41B0-AAD3-32DAAE537E0D}.Debug|x86.Build.0 = Debug|Any CPU
		{DA97D173-5305-41B0-AAD3-32DAAE537E0D}.Release|Any CPU.ActiveCfg = Release|Any CPU
		{DA97D173-5305-41B0-AAD3-32DAAE537E0D}.Release|Any CPU.Build.0 = Release|Any CPU
		{DA97D173-5305-41B0-AAD3-32DAAE537E0D}.Release|x64.ActiveCfg = Release|Any CPU
		{DA97D173-5305-41B0-AAD3-32DAAE537E0D}.Release|x64.Build.0 = Release|Any CPU
		{DA97D173-5305-41B0-AAD3-32DAAE537E0D}.Release|x86.ActiveCfg = Release|Any CPU
		{DA97D173-5305-41B0-AAD3-32DAAE537E0D}.Release|x86.Build.0 = Release|Any CPU
		{11EFD745-66A4-46FA-8CFE-B34C08283AF0}.Debug|Any CPU.ActiveCfg = Debug|Any CPU
		{11EFD745-66A4-46FA-8CFE-B34C08283AF0}.Debug|Any CPU.Build.0 = Debug|Any CPU
		{11EFD745-66A4-46FA-8CFE-B34C08283AF0}.Debug|x64.ActiveCfg = Debug|Any CPU
		{11EFD745-66A4-46FA-8CFE-B34C08283AF0}.Debug|x64.Build.0 = Debug|Any CPU
		{11EFD745-66A4-46FA-8CFE-B34C08283AF0}.Debug|x86.ActiveCfg = Debug|Any CPU
		{11EFD745-66A4-46FA-8CFE-B34C08283AF0}.Debug|x86.Build.0 = Debug|Any CPU
		{11EFD745-66A4-46FA-8CFE-B34C08283AF0}.Release|Any CPU.ActiveCfg = Release|Any CPU
		{11EFD745-66A4-46FA-8CFE-B34C08283AF0}.Release|Any CPU.Build.0 = Release|Any CPU
		{11EFD745-66A4-46FA-8CFE-B34C08283AF0}.Release|x64.ActiveCfg = Release|Any CPU
		{11EFD745-66A4-46FA-8CFE-B34C08283AF0}.Release|x64.Build.0 = Release|Any CPU
		{11EFD745-66A4-46FA-8CFE-B34C08283AF0}.Release|x86.ActiveCfg = Release|Any CPU
		{11EFD745-66A4-46FA-8CFE-B34C08283AF0}.Release|x86.Build.0 = Release|Any CPU
		{F295DABD-0A20-49AD-A07B-2B9C9B857F47}.Debug|Any CPU.ActiveCfg = Debug|Any CPU
		{F295DABD-0A20-49AD-A07B-2B9C9B857F47}.Debug|Any CPU.Build.0 = Debug|Any CPU
		{F295DABD-0A20-49AD-A07B-2B9C9B857F47}.Debug|x64.ActiveCfg = Debug|Any CPU
		{F295DABD-0A20-49AD-A07B-2B9C9B857F47}.Debug|x64.Build.0 = Debug|Any CPU
		{F295DABD-0A20-49AD-A07B-2B9C9B857F47}.Debug|x86.ActiveCfg = Debug|Any CPU
		{F295DABD-0A20-49AD-A07B-2B9C9B857F47}.Debug|x86.Build.0 = Debug|Any CPU
		{F295DABD-0A20-49AD-A07B-2B9C9B857F47}.Release|Any CPU.ActiveCfg = Release|Any CPU
		{F295DABD-0A20-49AD-A07B-2B9C9B857F47}.Release|Any CPU.Build.0 = Release|Any CPU
		{F295DABD-0A20-49AD-A07B-2B9C9B857F47}.Release|x64.ActiveCfg = Release|Any CPU
		{F295DABD-0A20-49AD-A07B-2B9C9B857F47}.Release|x64.Build.0 = Release|Any CPU
		{F295DABD-0A20-49AD-A07B-2B9C9B857F47}.Release|x86.ActiveCfg = Release|Any CPU
		{F295DABD-0A20-49AD-A07B-2B9C9B857F47}.Release|x86.Build.0 = Release|Any CPU
		{CC6785C8-8365-4BE0-8E78-A195F935B781}.Debug|Any CPU.ActiveCfg = Debug|Any CPU
		{CC6785C8-8365-4BE0-8E78-A195F935B781}.Debug|Any CPU.Build.0 = Debug|Any CPU
		{CC6785C8-8365-4BE0-8E78-A195F935B781}.Debug|x64.ActiveCfg = Debug|Any CPU
		{CC6785C8-8365-4BE0-8E78-A195F935B781}.Debug|x64.Build.0 = Debug|Any CPU
		{CC6785C8-8365-4BE0-8E78-A195F935B781}.Debug|x86.ActiveCfg = Debug|Any CPU
		{CC6785C8-8365-4BE0-8E78-A195F935B781}.Debug|x86.Build.0 = Debug|Any CPU
		{CC6785C8-8365-4BE0-8E78-A195F935B781}.Release|Any CPU.ActiveCfg = Release|Any CPU
		{CC6785C8-8365-4BE0-8E78-A195F935B781}.Release|Any CPU.Build.0 = Release|Any CPU
		{CC6785C8-8365-4BE0-8E78-A195F935B781}.Release|x64.ActiveCfg = Release|Any CPU
		{CC6785C8-8365-4BE0-8E78-A195F935B781}.Release|x64.Build.0 = Release|Any CPU
		{CC6785C8-8365-4BE0-8E78-A195F935B781}.Release|x86.ActiveCfg = Release|Any CPU
		{CC6785C8-8365-4BE0-8E78-A195F935B781}.Release|x86.Build.0 = Release|Any CPU
		{63E12D51-7C02-49C9-971D-12ACA4E6689C}.Debug|Any CPU.ActiveCfg = Debug|Any CPU
		{63E12D51-7C02-49C9-971D-12ACA4E6689C}.Debug|Any CPU.Build.0 = Debug|Any CPU
		{63E12D51-7C02-49C9-971D-12ACA4E6689C}.Debug|x64.ActiveCfg = Debug|Any CPU
		{63E12D51-7C02-49C9-971D-12ACA4E6689C}.Debug|x64.Build.0 = Debug|Any CPU
		{63E12D51-7C02-49C9-971D-12ACA4E6689C}.Debug|x86.ActiveCfg = Debug|Any CPU
		{63E12D51-7C02-49C9-971D-12ACA4E6689C}.Debug|x86.Build.0 = Debug|Any CPU
		{63E12D51-7C02-49C9-971D-12ACA4E6689C}.Release|Any CPU.ActiveCfg = Release|Any CPU
		{63E12D51-7C02-49C9-971D-12ACA4E6689C}.Release|Any CPU.Build.0 = Release|Any CPU
		{63E12D51-7C02-49C9-971D-12ACA4E6689C}.Release|x64.ActiveCfg = Release|Any CPU
		{63E12D51-7C02-49C9-971D-12ACA4E6689C}.Release|x64.Build.0 = Release|Any CPU
		{63E12D51-7C02-49C9-971D-12ACA4E6689C}.Release|x86.ActiveCfg = Release|Any CPU
		{63E12D51-7C02-49C9-971D-12ACA4E6689C}.Release|x86.Build.0 = Release|Any CPU
		{D7D78CE4-2A0B-494A-A578-E647B47C94D4}.Debug|Any CPU.ActiveCfg = Debug|Any CPU
		{D7D78CE4-2A0B-494A-A578-E647B47C94D4}.Debug|Any CPU.Build.0 = Debug|Any CPU
		{D7D78CE4-2A0B-494A-A578-E647B47C94D4}.Debug|x64.ActiveCfg = Debug|Any CPU
		{D7D78CE4-2A0B-494A-A578-E647B47C94D4}.Debug|x64.Build.0 = Debug|Any CPU
		{D7D78CE4-2A0B-494A-A578-E647B47C94D4}.Debug|x86.ActiveCfg = Debug|Any CPU
		{D7D78CE4-2A0B-494A-A578-E647B47C94D4}.Debug|x86.Build.0 = Debug|Any CPU
		{D7D78CE4-2A0B-494A-A578-E647B47C94D4}.Release|Any CPU.ActiveCfg = Release|Any CPU
		{D7D78CE4-2A0B-494A-A578-E647B47C94D4}.Release|Any CPU.Build.0 = Release|Any CPU
		{D7D78CE4-2A0B-494A-A578-E647B47C94D4}.Release|x64.ActiveCfg = Release|Any CPU
		{D7D78CE4-2A0B-494A-A578-E647B47C94D4}.Release|x64.Build.0 = Release|Any CPU
		{D7D78CE4-2A0B-494A-A578-E647B47C94D4}.Release|x86.ActiveCfg = Release|Any CPU
		{D7D78CE4-2A0B-494A-A578-E647B47C94D4}.Release|x86.Build.0 = Release|Any CPU
		{3DF09FE0-1EFE-4E10-8E67-DEB6AC7F1C85}.Debug|Any CPU.ActiveCfg = Debug|Any CPU
		{3DF09FE0-1EFE-4E10-8E67-DEB6AC7F1C85}.Debug|Any CPU.Build.0 = Debug|Any CPU
		{3DF09FE0-1EFE-4E10-8E67-DEB6AC7F1C85}.Debug|x64.ActiveCfg = Debug|Any CPU
		{3DF09FE0-1EFE-4E10-8E67-DEB6AC7F1C85}.Debug|x64.Build.0 = Debug|Any CPU
		{3DF09FE0-1EFE-4E10-8E67-DEB6AC7F1C85}.Debug|x86.ActiveCfg = Debug|Any CPU
		{3DF09FE0-1EFE-4E10-8E67-DEB6AC7F1C85}.Debug|x86.Build.0 = Debug|Any CPU
		{3DF09FE0-1EFE-4E10-8E67-DEB6AC7F1C85}.Release|Any CPU.ActiveCfg = Release|Any CPU
		{3DF09FE0-1EFE-4E10-8E67-DEB6AC7F1C85}.Release|Any CPU.Build.0 = Release|Any CPU
		{3DF09FE0-1EFE-4E10-8E67-DEB6AC7F1C85}.Release|x64.ActiveCfg = Release|Any CPU
		{3DF09FE0-1EFE-4E10-8E67-DEB6AC7F1C85}.Release|x64.Build.0 = Release|Any CPU
		{3DF09FE0-1EFE-4E10-8E67-DEB6AC7F1C85}.Release|x86.ActiveCfg = Release|Any CPU
		{3DF09FE0-1EFE-4E10-8E67-DEB6AC7F1C85}.Release|x86.Build.0 = Release|Any CPU
		{53B0938A-6370-46FE-862B-44B5DEBBEA1F}.Debug|Any CPU.ActiveCfg = Debug|Any CPU
		{53B0938A-6370-46FE-862B-44B5DEBBEA1F}.Debug|Any CPU.Build.0 = Debug|Any CPU
		{53B0938A-6370-46FE-862B-44B5DEBBEA1F}.Debug|x64.ActiveCfg = Debug|Any CPU
		{53B0938A-6370-46FE-862B-44B5DEBBEA1F}.Debug|x64.Build.0 = Debug|Any CPU
		{53B0938A-6370-46FE-862B-44B5DEBBEA1F}.Debug|x86.ActiveCfg = Debug|Any CPU
		{53B0938A-6370-46FE-862B-44B5DEBBEA1F}.Debug|x86.Build.0 = Debug|Any CPU
		{53B0938A-6370-46FE-862B-44B5DEBBEA1F}.Release|Any CPU.ActiveCfg = Release|Any CPU
		{53B0938A-6370-46FE-862B-44B5DEBBEA1F}.Release|Any CPU.Build.0 = Release|Any CPU
		{53B0938A-6370-46FE-862B-44B5DEBBEA1F}.Release|x64.ActiveCfg = Release|Any CPU
		{53B0938A-6370-46FE-862B-44B5DEBBEA1F}.Release|x64.Build.0 = Release|Any CPU
		{53B0938A-6370-46FE-862B-44B5DEBBEA1F}.Release|x86.ActiveCfg = Release|Any CPU
		{53B0938A-6370-46FE-862B-44B5DEBBEA1F}.Release|x86.Build.0 = Release|Any CPU
	EndGlobalSection
	GlobalSection(SolutionProperties) = preSolution
		HideSolutionNode = FALSE
	EndGlobalSection
	GlobalSection(NestedProjects) = preSolution
		{44A952CD-FDB1-41E4-937D-4390C164E034} = {827E0CD3-B72D-47B6-A68D-7590B98EB39B}
		{DA97D173-5305-41B0-AAD3-32DAAE537E0D} = {827E0CD3-B72D-47B6-A68D-7590B98EB39B}
		{11EFD745-66A4-46FA-8CFE-B34C08283AF0} = {827E0CD3-B72D-47B6-A68D-7590B98EB39B}
		{F295DABD-0A20-49AD-A07B-2B9C9B857F47} = {827E0CD3-B72D-47B6-A68D-7590B98EB39B}
		{CC6785C8-8365-4BE0-8E78-A195F935B781} = {827E0CD3-B72D-47B6-A68D-7590B98EB39B}
		{63E12D51-7C02-49C9-971D-12ACA4E6689C} = {0AB3BF05-4346-4AA6-1389-037BE0695223}
		{D7D78CE4-2A0B-494A-A578-E647B47C94D4} = {0AB3BF05-4346-4AA6-1389-037BE0695223}
		{3DF09FE0-1EFE-4E10-8E67-DEB6AC7F1C85} = {0AB3BF05-4346-4AA6-1389-037BE0695223}
		{53B0938A-6370-46FE-862B-44B5DEBBEA1F} = {0AB3BF05-4346-4AA6-1389-037BE0695223}
	EndGlobalSection
EndGlobal
